
Microsoft Visual Studio Solution File, Format Version 12.00
# Visual Studio Version 16
VisualStudioVersion = 16.0.31515.178
MinimumVisualStudioVersion = 10.0.40219.1
Project("{FAE04EC0-301F-11D3-BF4B-00C04F79EFBC}") = "EditorTxt", "EditorTxt\EditorTxt.csproj", "{7D315DA0-E578-4252-BFCE-75D00A074E72}"
EndProject
Global
	GlobalSection(SolutionConfigurationPlatforms) = preSolution
		Debug|Any CPU = Debug|Any CPU
		Release|Any CPU = Release|Any CPU
	EndGlobalSection
	GlobalSection(ProjectConfigurationPlatforms) = postSolution
		{7D315DA0-E578-4252-BFCE-75D00A074E72}.Debug|Any CPU.ActiveCfg = Debug|Any CPU
		{7D315DA0-E578-4252-BFCE-75D00A074E72}.Debug|Any CPU.Build.0 = Debug|Any CPU
		{7D315DA0-E578-4252-BFCE-75D00A074E72}.Release|Any CPU.ActiveCfg = Release|Any CPU
		{7D315DA0-E578-4252-BFCE-75D00A074E72}.Release|Any CPU.Build.0 = Release|Any CPU
	EndGlobalSection
	GlobalSection(SolutionProperties) = preSolution
		HideSolutionNode = FALSE
	EndGlobalSection
	GlobalSection(ExtensibilityGlobals) = postSolution
		SolutionGuid = {128FB568-D15E-4C91-9D88-21BB67782A4C}
	EndGlobalSection
EndGlobal
